
Microsoft Visual Studio Solution File, Format Version 12.00
# Visual Studio Version 17
VisualStudioVersion = 17.8.34525.116
MinimumVisualStudioVersion = 10.0.40219.1
Project("{FAE04EC0-301F-11D3-BF4B-00C04F79EFBC}") = "linq", "linq\linq.csproj", "{465CBDCB-A972-4550-8F09-34EF10D4344F}"
EndProject
Global
	GlobalSection(SolutionConfigurationPlatforms) = preSolution
		Debug|Any CPU = Debug|Any CPU
		Release|Any CPU = Release|Any CPU
	EndGlobalSection
	GlobalSection(ProjectConfigurationPlatforms) = postSolution
		{465CBDCB-A972-4550-8F09-34EF10D4344F}.Debug|Any CPU.ActiveCfg = Debug|Any CPU
		{465CBDCB-A972-4550-8F09-34EF10D4344F}.Debug|Any CPU.Build.0 = Debug|Any CPU
		{465CBDCB-A972-4550-8F09-34EF10D4344F}.Release|Any CPU.ActiveCfg = Release|Any CPU
		{465CBDCB-A972-4550-8F09-34EF10D4344F}.Release|Any CPU.Build.0 = Release|Any CPU
	EndGlobalSection
	GlobalSection(SolutionProperties) = preSolution
		HideSolutionNode = FALSE
	EndGlobalSection
	GlobalSection(ExtensibilityGlobals) = postSolution
		SolutionGuid = {DE1FBEF6-B568-4ED7-9A68-594C6B383656}
	EndGlobalSection
EndGlobal
